Microsoft Visual Studio Solution File, Format Version 12.00
# Visual Studio Version 17
VisualStudioVersion = 17.13.35828.75
MinimumVisualStudioVersion = 10.0.40219.1
Project("{FAE04EC0-301F-11D3-BF4B-00C04F79EFBC}") = "ConexaoMySQL", "ConexaoMySQL.csproj", "{83615B48-FA60-4B1D-AC0F-43DA2AFDE944}"
EndProject
Global
	GlobalSection(SolutionConfigurationPlatforms) = preSolution
		Debug|Any CPU = Debug|Any CPU
		Release|Any CPU = Release|Any CPU
	EndGlobalSection
	GlobalSection(ProjectConfigurationPlatforms) = postSolution
		{83615B48-FA60-4B1D-AC0F-43DA2AFDE944}.Debug|Any CPU.ActiveCfg = Debug|Any CPU
		{83615B48-FA60-4B1D-AC0F-43DA2AFDE944}.Debug|Any CPU.Build.0 = Debug|Any CPU
		{83615B48-FA60-4B1D-AC0F-43DA2AFDE944}.Release|Any CPU.ActiveCfg = Release|Any CPU
		{83615B48-FA60-4B1D-AC0F-43DA2AFDE944}.Release|Any CPU.Build.0 = Release|Any CPU
	EndGlobalSection
	GlobalSection(SolutionProperties) = preSolution
		HideSolutionNode = FALSE
	EndGlobalSection
	GlobalSection(ExtensibilityGlobals) = postSolution
		SolutionGuid = {DE344C2C-35E5-4775-91E5-46A0ACD3AFA0}
	EndGlobalSection
EndGlobal
